
Microsoft Visual Studio Solution File, Format Version 12.00
# Visual Studio 15
VisualStudioVersion = 15.0.28307.572
MinimumVisualStudioVersion = 10.0.40219.1
Project("{FAE04EC0-301F-11D3-BF4B-00C04F79EFBC}") = "ConsoleAssignmentApp1", "ConsoleAssignmentApp1\ConsoleAssignmentApp1.csproj", "{99895DED-7DD4-4BB9-84A5-C240B15689EB}"
EndProject
Global
	GlobalSection(SolutionConfigurationPlatforms) = preSolution
		Debug|Any CPU = Debug|Any CPU
		Release|Any CPU = Release|Any CPU
	EndGlobalSection
	GlobalSection(ProjectConfigurationPlatforms) = postSolution
		{99895DED-7DD4-4BB9-84A5-C240B15689EB}.Debug|Any CPU.ActiveCfg = Debug|Any CPU
		{99895DED-7DD4-4BB9-84A5-C240B15689EB}.Debug|Any CPU.Build.0 = Debug|Any CPU
		{99895DED-7DD4-4BB9-84A5-C240B15689EB}.Release|Any CPU.ActiveCfg = Release|Any CPU
		{99895DED-7DD4-4BB9-84A5-C240B15689EB}.Release|Any CPU.Build.0 = Release|Any CPU
	EndGlobalSection
	GlobalSection(SolutionProperties) = preSolution
		HideSolutionNode = FALSE
	EndGlobalSection
	GlobalSection(ExtensibilityGlobals) = postSolution
		SolutionGuid = {62876C53-7F1E-496B-8DC8-3CEB8C5C1BEF}
	EndGlobalSection
EndGlobal
